
Microsoft Visual Studio Solution File, Format Version 12.00
# Visual Studio Version 17
VisualStudioVersion = 17.9.34728.123
MinimumVisualStudioVersion = 10.0.40219.1
Project("{2150E333-8FDC-42A3-9474-1A3956D46DE8}") = "src", "src", "{7F48B614-352B-48E3-8908-5D890AC22139}"
EndProject
Project("{2150E333-8FDC-42A3-9474-1A3956D46DE8}") = "api-tercero", "api-tercero", "{B30CB829-520F-4F30-99F8-5754D4A8B454}"
EndProject
Project("{FAE04EC0-301F-11D3-BF4B-00C04F79EFBC}") = "Tercero.API", "src\api-tercero\Tercero.API\Tercero.API.csproj", "{C1E921F8-770E-40BA-9A38-121EB6372D94}"
EndProject
Project("{FAE04EC0-301F-11D3-BF4B-00C04F79EFBC}") = "Tercero.Domain", "src\api-tercero\Tercero.Domain\Tercero.Domain.csproj", "{DE9969EB-756D-400F-B3B0-5C5EAC900842}"
EndProject
Project("{FAE04EC0-301F-11D3-BF4B-00C04F79EFBC}") = "Tercero.Infrastructure", "src\api-tercero\Tercero.Infrastructure\Tercero.Infrastructure.csproj", "{5E60996B-509D-4A52-B1F2-FCE35C4698B1}"
EndProject
Project("{FAE04EC0-301F-11D3-BF4B-00C04F79EFBC}") = "Tecrero.Application", "src\api-tercero\Tecrero.Application\Tecrero.Application.csproj", "{FB525708-70D9-4298-B3DC-F192ED19321A}"
EndProject
Project("{2150E333-8FDC-42A3-9474-1A3956D46DE8}") = "api-core", "api-core", "{34A1BED9-BBB2-43A0-8E43-417DF8E4C61F}"
EndProject
Project("{FAE04EC0-301F-11D3-BF4B-00C04F79EFBC}") = "Core.Infrastructure", "src\api-core\Core.Infrastructure\Core.Infrastructure.csproj", "{20428A92-446F-4BE2-ABAF-A2AC321E5360}"
EndProject
Project("{FAE04EC0-301F-11D3-BF4B-00C04F79EFBC}") = "Core.Domain", "src\api-core\Core.Domain\Core.Domain.csproj", "{8F1BDE21-E37A-499A-97DB-06816AE8D077}"
EndProject
Project("{FAE04EC0-301F-11D3-BF4B-00C04F79EFBC}") = "Core.Application", "src\api-core\Core.Application\Core.Application.csproj", "{8FF8A2A1-D99A-4629-9D7A-909D371FFB6B}"
EndProject
Project("{FAE04EC0-301F-11D3-BF4B-00C04F79EFBC}") = "Core.API", "src\api-core\Core.API\Core.API.csproj", "{2432C27E-1778-4D11-898B-FA8811E1CFF7}"
EndProject
Global
	GlobalSection(SolutionConfigurationPlatforms) = preSolution
		Debug|Any CPU = Debug|Any CPU
		Release|Any CPU = Release|Any CPU
	EndGlobalSection
	GlobalSection(ProjectConfigurationPlatforms) = postSolution
		{C1E921F8-770E-40BA-9A38-121EB6372D94}.Debug|Any CPU.ActiveCfg = Debug|Any CPU
		{C1E921F8-770E-40BA-9A38-121EB6372D94}.Debug|Any CPU.Build.0 = Debug|Any CPU
		{C1E921F8-770E-40BA-9A38-121EB6372D94}.Release|Any CPU.ActiveCfg = Release|Any CPU
		{C1E921F8-770E-40BA-9A38-121EB6372D94}.Release|Any CPU.Build.0 = Release|Any CPU
		{DE9969EB-756D-400F-B3B0-5C5EAC900842}.Debug|Any CPU.ActiveCfg = Debug|Any CPU
		{DE9969EB-756D-400F-B3B0-5C5EAC900842}.Debug|Any CPU.Build.0 = Debug|Any CPU
		{DE9969EB-756D-400F-B3B0-5C5EAC900842}.Release|Any CPU.ActiveCfg = Release|Any CPU
		{DE9969EB-756D-400F-B3B0-5C5EAC900842}.Release|Any CPU.Build.0 = Release|Any CPU
		{5E60996B-509D-4A52-B1F2-FCE35C4698B1}.Debug|Any CPU.ActiveCfg = Debug|Any CPU
		{5E60996B-509D-4A52-B1F2-FCE35C4698B1}.Debug|Any CPU.Build.0 = Debug|Any CPU
		{5E60996B-509D-4A52-B1F2-FCE35C4698B1}.Release|Any CPU.ActiveCfg = Release|Any CPU
		{5E60996B-509D-4A52-B1F2-FCE35C4698B1}.Release|Any CPU.Build.0 = Release|Any CPU
		{FB525708-70D9-4298-B3DC-F192ED19321A}.Debug|Any CPU.ActiveCfg = Debug|Any CPU
		{FB525708-70D9-4298-B3DC-F192ED19321A}.Debug|Any CPU.Build.0 = Debug|Any CPU
		{FB525708-70D9-4298-B3DC-F192ED19321A}.Release|Any CPU.ActiveCfg = Release|Any CPU
		{FB525708-70D9-4298-B3DC-F192ED19321A}.Release|Any CPU.Build.0 = Release|Any CPU
		{20428A92-446F-4BE2-ABAF-A2AC321E5360}.Debug|Any CPU.ActiveCfg = Debug|Any CPU
		{20428A92-446F-4BE2-ABAF-A2AC321E5360}.Debug|Any CPU.Build.0 = Debug|Any CPU
		{20428A92-446F-4BE2-ABAF-A2AC321E5360}.Release|Any CPU.ActiveCfg = Release|Any CPU
		{20428A92-446F-4BE2-ABAF-A2AC321E5360}.Release|Any CPU.Build.0 = Release|Any CPU
		{8F1BDE21-E37A-499A-97DB-06816AE8D077}.Debug|Any CPU.ActiveCfg = Debug|Any CPU
		{8F1BDE21-E37A-499A-97DB-06816AE8D077}.Debug|Any CPU.Build.0 = Debug|Any CPU
		{8F1BDE21-E37A-499A-97DB-06816AE8D077}.Release|Any CPU.ActiveCfg = Release|Any CPU
		{8F1BDE21-E37A-499A-97DB-06816AE8D077}.Release|Any CPU.Build.0 = Release|Any CPU
		{8FF8A2A1-D99A-4629-9D7A-909D371FFB6B}.Debug|Any CPU.ActiveCfg = Debug|Any CPU
		{8FF8A2A1-D99A-4629-9D7A-909D371FFB6B}.Debug|Any CPU.Build.0 = Debug|Any CPU
		{8FF8A2A1-D99A-4629-9D7A-909D371FFB6B}.Release|Any CPU.ActiveCfg = Release|Any CPU
		{8FF8A2A1-D99A-4629-9D7A-909D371FFB6B}.Release|Any CPU.Build.0 = Release|Any CPU
		{2432C27E-1778-4D11-898B-FA8811E1CFF7}.Debug|Any CPU.ActiveCfg = Debug|Any CPU
		{2432C27E-1778-4D11-898B-FA8811E1CFF7}.Debug|Any CPU.Build.0 = Debug|Any CPU
		{2432C27E-1778-4D11-898B-FA8811E1CFF7}.Release|Any CPU.ActiveCfg = Release|Any CPU
		{2432C27E-1778-4D11-898B-FA8811E1CFF7}.Release|Any CPU.Build.0 = Release|Any CPU
	EndGlobalSection
	GlobalSection(SolutionProperties) = preSolution
		HideSolutionNode = FALSE
	EndGlobalSection
	GlobalSection(NestedProjects) = preSolution
		{B30CB829-520F-4F30-99F8-5754D4A8B454} = {7F48B614-352B-48E3-8908-5D890AC22139}
		{C1E921F8-770E-40BA-9A38-121EB6372D94} = {B30CB829-520F-4F30-99F8-5754D4A8B454}
		{DE9969EB-756D-400F-B3B0-5C5EAC900842} = {B30CB829-520F-4F30-99F8-5754D4A8B454}
		{5E60996B-509D-4A52-B1F2-FCE35C4698B1} = {B30CB829-520F-4F30-99F8-5754D4A8B454}
		{FB525708-70D9-4298-B3DC-F192ED19321A} = {B30CB829-520F-4F30-99F8-5754D4A8B454}
		{34A1BED9-BBB2-43A0-8E43-417DF8E4C61F} = {7F48B614-352B-48E3-8908-5D890AC22139}
		{20428A92-446F-4BE2-ABAF-A2AC321E5360} = {34A1BED9-BBB2-43A0-8E43-417DF8E4C61F}
		{8F1BDE21-E37A-499A-97DB-06816AE8D077} = {34A1BED9-BBB2-43A0-8E43-417DF8E4C61F}
		{8FF8A2A1-D99A-4629-9D7A-909D371FFB6B} = {34A1BED9-BBB2-43A0-8E43-417DF8E4C61F}
		{2432C27E-1778-4D11-898B-FA8811E1CFF7} = {34A1BED9-BBB2-43A0-8E43-417DF8E4C61F}
	EndGlobalSection
	GlobalSection(ExtensibilityGlobals) = postSolution
		SolutionGuid = {11E22CB9-F003-4BA5-ACC4-E5A0799DED3D}
	EndGlobalSection
EndGlobal
